# This file is automatically @generated by Cargo.
# It is not intended for manual editing.
version = 3

[[package]]
name = "assertx"
version = "1.1.7"
source = "registry+https://github.com/rust-lang/crates.io-index"
checksum = "bb87e548530f195f694524071c84c9a4ac55021656790bf45aec8807f9021efa"
dependencies = [
 "once_cell",
]

[[package]]
name = "day-05"
version = "0.1.0"
dependencies = [
 "assertx",
]

[[package]]
name = "once_cell"
version = "1.19.0"
source = "registry+https://github.com/rust-lang/crates.io-index"
checksum = "3fdb12b2476b595f9358c5161aa467c2438859caa136dec86c26fdd2efe17b92"
